
Microsoft Visual Studio Solution File, Format Version 12.00
# Visual Studio 14
VisualStudioVersion = 14.0.23107.0
MinimumVisualStudioVersion = 10.0.40219.1
Project("{2150E333-8FDC-42A3-9474-1A3956D46DE8}") = "Data", "Data", "{1AC224E5-7352-4295-A8F5-6529B7B5C619}"
EndProject
Project("{2150E333-8FDC-42A3-9474-1A3956D46DE8}") = "Web", "Web", "{FEFA92DE-ADAA-48AF-924E-95D0E8C35931}"
EndProject
Project("{2150E333-8FDC-42A3-9474-1A3956D46DE8}") = "Infrastructure", "Infrastructure", "{CFC66502-D893-428E-9AD3-27B8963B8715}"
EndProject
Project("{2150E333-8FDC-42A3-9474-1A3956D46DE8}") = "Common", "Common", "{94CD5C06-3B75-405E-A028-FC4FD21E50EB}"
EndProject
Project("{FAE04EC0-301F-11D3-BF4B-00C04F79EFBC}") = "CG.Data", "CG.Data\CG.Data.csproj", "{4476AD9E-CEAA-42AF-BA93-4F98A00DCE45}"
EndProject
Project("{FAE04EC0-301F-11D3-BF4B-00C04F79EFBC}") = "CG.Models", "CG.Models\CG.Models.csproj", "{3CAB2313-27F5-4B03-BEFD-7D3D385A43B7}"
EndProject
Project("{FAE04EC0-301F-11D3-BF4B-00C04F79EFBC}") = "CG.Infrastructure", "CG.Infrastructure\CG.Infrastructure.csproj", "{50A35105-CC30-4585-A82D-C0AFC882E546}"
EndProject
Project("{FAE04EC0-301F-11D3-BF4B-00C04F79EFBC}") = "CG.Web", "CG.Web\CG.Web.csproj", "{BF309689-1467-4F04-8759-B786424125DE}"
EndProject
Project("{FAE04EC0-301F-11D3-BF4B-00C04F79EFBC}") = "CG.Contracts", "CG.Contracts\CG.Contracts.csproj", "{1DAF3EAC-1927-4950-904B-34E32664B145}"
EndProject
Project("{FAE04EC0-301F-11D3-BF4B-00C04F79EFBC}") = "CG.Common", "CG.Common\CG.Common.csproj", "{B3E4E219-16C8-4311-ABC4-73ABB410D603}"
EndProject
Global
	GlobalSection(SolutionConfigurationPlatforms) = preSolution
		Debug|Any CPU = Debug|Any CPU
		Release|Any CPU = Release|Any CPU
	EndGlobalSection
	GlobalSection(ProjectConfigurationPlatforms) = postSolution
		{4476AD9E-CEAA-42AF-BA93-4F98A00DCE45}.Debug|Any CPU.ActiveCfg = Debug|Any CPU
		{4476AD9E-CEAA-42AF-BA93-4F98A00DCE45}.Debug|Any CPU.Build.0 = Debug|Any CPU
		{4476AD9E-CEAA-42AF-BA93-4F98A00DCE45}.Release|Any CPU.ActiveCfg = Release|Any CPU
		{4476AD9E-CEAA-42AF-BA93-4F98A00DCE45}.Release|Any CPU.Build.0 = Release|Any CPU
		{3CAB2313-27F5-4B03-BEFD-7D3D385A43B7}.Debug|Any CPU.ActiveCfg = Debug|Any CPU
		{3CAB2313-27F5-4B03-BEFD-7D3D385A43B7}.Debug|Any CPU.Build.0 = Debug|Any CPU
		{3CAB2313-27F5-4B03-BEFD-7D3D385A43B7}.Release|Any CPU.ActiveCfg = Release|Any CPU
		{3CAB2313-27F5-4B03-BEFD-7D3D385A43B7}.Release|Any CPU.Build.0 = Release|Any CPU
		{50A35105-CC30-4585-A82D-C0AFC882E546}.Debug|Any CPU.ActiveCfg = Debug|Any CPU
		{50A35105-CC30-4585-A82D-C0AFC882E546}.Debug|Any CPU.Build.0 = Debug|Any CPU
		{50A35105-CC30-4585-A82D-C0AFC882E546}.Release|Any CPU.ActiveCfg = Release|Any CPU
		{50A35105-CC30-4585-A82D-C0AFC882E546}.Release|Any CPU.Build.0 = Release|Any CPU
		{BF309689-1467-4F04-8759-B786424125DE}.Debug|Any CPU.ActiveCfg = Debug|Any CPU
		{BF309689-1467-4F04-8759-B786424125DE}.Debug|Any CPU.Build.0 = Debug|Any CPU
		{BF309689-1467-4F04-8759-B786424125DE}.Release|Any CPU.ActiveCfg = Release|Any CPU
		{BF309689-1467-4F04-8759-B786424125DE}.Release|Any CPU.Build.0 = Release|Any CPU
		{1DAF3EAC-1927-4950-904B-34E32664B145}.Debug|Any CPU.ActiveCfg = Debug|Any CPU
		{1DAF3EAC-1927-4950-904B-34E32664B145}.Debug|Any CPU.Build.0 = Debug|Any CPU
		{1DAF3EAC-1927-4950-904B-34E32664B145}.Release|Any CPU.ActiveCfg = Release|Any CPU
		{1DAF3EAC-1927-4950-904B-34E32664B145}.Release|Any CPU.Build.0 = Release|Any CPU
		{B3E4E219-16C8-4311-ABC4-73ABB410D603}.Debug|Any CPU.ActiveCfg = Debug|Any CPU
		{B3E4E219-16C8-4311-ABC4-73ABB410D603}.Debug|Any CPU.Build.0 = Debug|Any CPU
		{B3E4E219-16C8-4311-ABC4-73ABB410D603}.Release|Any CPU.ActiveCfg = Release|Any CPU
		{B3E4E219-16C8-4311-ABC4-73ABB410D603}.Release|Any CPU.Build.0 = Release|Any CPU
	EndGlobalSection
	GlobalSection(SolutionProperties) = preSolution
		HideSolutionNode = FALSE
	EndGlobalSection
	GlobalSection(NestedProjects) = preSolution
		{4476AD9E-CEAA-42AF-BA93-4F98A00DCE45} = {1AC224E5-7352-4295-A8F5-6529B7B5C619}
		{3CAB2313-27F5-4B03-BEFD-7D3D385A43B7} = {1AC224E5-7352-4295-A8F5-6529B7B5C619}
		{50A35105-CC30-4585-A82D-C0AFC882E546} = {CFC66502-D893-428E-9AD3-27B8963B8715}
		{BF309689-1467-4F04-8759-B786424125DE} = {FEFA92DE-ADAA-48AF-924E-95D0E8C35931}
		{1DAF3EAC-1927-4950-904B-34E32664B145} = {94CD5C06-3B75-405E-A028-FC4FD21E50EB}
		{B3E4E219-16C8-4311-ABC4-73ABB410D603} = {94CD5C06-3B75-405E-A028-FC4FD21E50EB}
	EndGlobalSection
EndGlobal
